{
  "nodes": {
    "gift-wrap": {
      "inputs": {
        "nixpkgs": [
          "nixpkgs"
        ]
      },
      "locked": {
        "lastModified": 1773403464,
        "narHash": "sha256-fckT48WShz/HqRgHgBKbVZCreC+Apfu3UqPZxFuL7Us=",
        "owner": "tgirlcloud",
        "repo": "gift-wrap",
        "rev": "9499bc6e450d9959e2019f7122efd3b9077f333a",
        "type": "github"
      },
      "original": {
        "owner": "tgirlcloud",
        "repo": "gift-wrap",
        "type": "github"
      }
    },
    "nixpkgs": {
      "locked": {
        "lastModified": 1781454065,
        "narHash": "sha256-d2xfDjnfRuf/xYGdu9VVRHiav/2w5hDL/5cw2TuVAXw=",
        "owner": "NixOS",
        "repo": "nixpkgs",
        "rev": "9eac87a12312b8f60dd52e1c6e1a265f6fc7f5fc",
        "type": "github"
      },
      "original": {
        "owner": "NixOS",
        "ref": "nixpkgs-unstable",
        "repo": "nixpkgs",
        "type": "github"
      }
    },
    "root": {
      "inputs": {
        "gift-wrap": "gift-wrap",
        "nixpkgs": "nixpkgs"
      }
    }
  },
  "root": "root",
  "version": 7
}
